
Microsoft Visual Studio Solution File, Format Version 12.00
# Visual Studio 14
VisualStudioVersion = 14.0.23107.0
MinimumVisualStudioVersion = 10.0.40219.1
Project("{FAE04EC0-301F-11D3-BF4B-00C04F79EFBC}") = "CoursesAndroid", "CoursesAndroid\CoursesAndroid.csproj", "{4DCC3E5A-5802-4B13-84FD-16579E6E9B41}"
EndProject
Project("{FAE04EC0-301F-11D3-BF4B-00C04F79EFBC}") = "CoursesiOS", "CoursesiOS\CoursesiOS.csproj", "{648844C0-C728-442E-92B3-C6D04CF1FB46}"
EndProject
Global
	GlobalSection(SolutionConfigurationPlatforms) = preSolution
		Ad-Hoc|Any CPU = Ad-Hoc|Any CPU
		Ad-Hoc|iPhone = Ad-Hoc|iPhone
		Ad-Hoc|iPhoneSimulator = Ad-Hoc|iPhoneSimulator
		AppStore|Any CPU = AppStore|Any CPU
		AppStore|iPhone = AppStore|iPhone
		AppStore|iPhoneSimulator = AppStore|iPhoneSimulator
		Debug|Any CPU = Debug|Any CPU
		Debug|iPhone = Debug|iPhone
		Debug|iPhoneSimulator = Debug|iPhoneSimulator
		Release|Any CPU = Release|Any CPU
		Release|iPhone = Release|iPhone
		Release|iPhoneSimulator = Release|iPhoneSimulator
	EndGlobalSection
	GlobalSection(ProjectConfigurationPlatforms) = postSolution
		{4DCC3E5A-5802-4B13-84FD-16579E6E9B41}.Ad-Hoc|Any CPU.ActiveCfg = Release|Any CPU
		{4DCC3E5A-5802-4B13-84FD-16579E6E9B41}.Ad-Hoc|Any CPU.Build.0 = Release|Any CPU
		{4DCC3E5A-5802-4B13-84FD-16579E6E9B41}.Ad-Hoc|Any CPU.Deploy.0 = Release|Any CPU
		{4DCC3E5A-5802-4B13-84FD-16579E6E9B41}.Ad-Hoc|iPhone.ActiveCfg = Release|Any CPU
		{4DCC3E5A-5802-4B13-84FD-16579E6E9B41}.Ad-Hoc|iPhone.Build.0 = Release|Any CPU
		{4DCC3E5A-5802-4B13-84FD-16579E6E9B41}.Ad-Hoc|iPhone.Deploy.0 = Release|Any CPU
		{4DCC3E5A-5802-4B13-84FD-16579E6E9B41}.Ad-Hoc|iPhoneSimulator.ActiveCfg = Release|Any CPU
		{4DCC3E5A-5802-4B13-84FD-16579E6E9B41}.Ad-Hoc|iPhoneSimulator.Build.0 = Release|Any CPU
		{4DCC3E5A-5802-4B13-84FD-16579E6E9B41}.Ad-Hoc|iPhoneSimulator.Deploy.0 = Release|Any CPU
		{4DCC3E5A-5802-4B13-84FD-16579E6E9B41}.AppStore|Any CPU.ActiveCfg = Release|Any CPU
		{4DCC3E5A-5802-4B13-84FD-16579E6E9B41}.AppStore|Any CPU.Build.0 = Release|Any CPU
		{4DCC3E5A-5802-4B13-84FD-16579E6E9B41}.AppStore|Any CPU.Deploy.0 = Release|Any CPU
		{4DCC3E5A-5802-4B13-84FD-16579E6E9B41}.AppStore|iPhone.ActiveCfg = Release|Any CPU
		{4DCC3E5A-5802-4B13-84FD-16579E6E9B41}.AppStore|iPhone.Build.0 = Release|Any CPU
		{4DCC3E5A-5802-4B13-84FD-16579E6E9B41}.AppStore|iPhone.Deploy.0 = Release|Any CPU
		{4DCC3E5A-5802-4B13-84FD-16579E6E9B41}.AppStore|iPhoneSimulator.ActiveCfg = Release|Any CPU
		{4DCC3E5A-5802-4B13-84FD-16579E6E9B41}.AppStore|iPhoneSimulator.Build.0 = Release|Any CPU
		{4DCC3E5A-5802-4B13-84FD-16579E6E9B41}.AppStore|iPhoneSimulator.Deploy.0 = Release|Any CPU
		{4DCC3E5A-5802-4B13-84FD-16579E6E9B41}.Debug|Any CPU.ActiveCfg = Debug|Any CPU
		{4DCC3E5A-5802-4B13-84FD-16579E6E9B41}.Debug|Any CPU.Build.0 = Debug|Any CPU
		{4DCC3E5A-5802-4B13-84FD-16579E6E9B41}.Debug|Any CPU.Deploy.0 = Debug|Any CPU
		{4DCC3E5A-5802-4B13-84FD-16579E6E9B41}.Debug|iPhone.ActiveCfg = Debug|Any CPU
		{4DCC3E5A-5802-4B13-84FD-16579E6E9B41}.Debug|iPhone.Build.0 = Debug|Any CPU
		{4DCC3E5A-5802-4B13-84FD-16579E6E9B41}.Debug|iPhone.Deploy.0 = Debug|Any CPU
		{4DCC3E5A-5802-4B13-84FD-16579E6E9B41}.Debug|iPhoneSimulator.ActiveCfg = Debug|Any CPU
		{4DCC3E5A-5802-4B13-84FD-16579E6E9B41}.Debug|iPhoneSimulator.Build.0 = Debug|Any CPU
		{4DCC3E5A-5802-4B13-84FD-16579E6E9B41}.Debug|iPhoneSimulator.Deploy.0 = Debug|Any CPU
		{4DCC3E5A-5802-4B13-84FD-16579E6E9B41}.Release|Any CPU.ActiveCfg = Release|Any CPU
		{4DCC3E5A-5802-4B13-84FD-16579E6E9B41}.Release|Any CPU.Build.0 = Release|Any CPU
		{4DCC3E5A-5802-4B13-84FD-16579E6E9B41}.Release|Any CPU.Deploy.0 = Release|Any CPU
		{4DCC3E5A-5802-4B13-84FD-16579E6E9B41}.Release|iPhone.ActiveCfg = Release|Any CPU
		{4DCC3E5A-5802-4B13-84FD-16579E6E9B41}.Release|iPhone.Build.0 = Release|Any CPU
		{4DCC3E5A-5802-4B13-84FD-16579E6E9B41}.Release|iPhone.Deploy.0 = Release|Any CPU
		{4DCC3E5A-5802-4B13-84FD-16579E6E9B41}.Release|iPhoneSimulator.ActiveCfg = Release|Any CPU
		{4DCC3E5A-5802-4B13-84FD-16579E6E9B41}.Release|iPhoneSimulator.Build.0 = Release|Any CPU
		{4DCC3E5A-5802-4B13-84FD-16579E6E9B41}.Release|iPhoneSimulator.Deploy.0 = Release|Any CPU
		{648844C0-C728-442E-92B3-C6D04CF1FB46}.Ad-Hoc|Any CPU.ActiveCfg = Ad-Hoc|iPhone
		{648844C0-C728-442E-92B3-C6D04CF1FB46}.Ad-Hoc|iPhone.ActiveCfg = Ad-Hoc|iPhone
		{648844C0-C728-442E-92B3-C6D04CF1FB46}.Ad-Hoc|iPhone.Build.0 = Ad-Hoc|iPhone
		{648844C0-C728-442E-92B3-C6D04CF1FB46}.Ad-Hoc|iPhoneSimulator.ActiveCfg = Ad-Hoc|iPhoneSimulator
		{648844C0-C728-442E-92B3-C6D04CF1FB46}.Ad-Hoc|iPhoneSimulator.Build.0 = Ad-Hoc|iPhoneSimulator
		{648844C0-C728-442E-92B3-C6D04CF1FB46}.AppStore|Any CPU.ActiveCfg = AppStore|iPhone
		{648844C0-C728-442E-92B3-C6D04CF1FB46}.AppStore|iPhone.ActiveCfg = AppStore|iPhone
		{648844C0-C728-442E-92B3-C6D04CF1FB46}.AppStore|iPhone.Build.0 = AppStore|iPhone
		{648844C0-C728-442E-92B3-C6D04CF1FB46}.AppStore|iPhoneSimulator.ActiveCfg = AppStore|iPhoneSimulator
		{648844C0-C728-442E-92B3-C6D04CF1FB46}.AppStore|iPhoneSimulator.Build.0 = AppStore|iPhoneSimulator
		{648844C0-C728-442E-92B3-C6D04CF1FB46}.Debug|Any CPU.ActiveCfg = Debug|iPhone
		{648844C0-C728-442E-92B3-C6D04CF1FB46}.Debug|iPhone.ActiveCfg = Debug|iPhone
		{648844C0-C728-442E-92B3-C6D04CF1FB46}.Debug|iPhone.Build.0 = Debug|iPhone
		{648844C0-C728-442E-92B3-C6D04CF1FB46}.Debug|iPhoneSimulator.ActiveCfg = Debug|iPhoneSimulator
		{648844C0-C728-442E-92B3-C6D04CF1FB46}.Debug|iPhoneSimulator.Build.0 = Debug|iPhoneSimulator
		{648844C0-C728-442E-92B3-C6D04CF1FB46}.Release|Any CPU.ActiveCfg = Release|iPhone
		{648844C0-C728-442E-92B3-C6D04CF1FB46}.Release|iPhone.ActiveCfg = Release|iPhone
		{648844C0-C728-442E-92B3-C6D04CF1FB46}.Release|iPhone.Build.0 = Release|iPhone
		{648844C0-C728-442E-92B3-C6D04CF1FB46}.Release|iPhoneSimulator.ActiveCfg = Release|iPhoneSimulator
		{648844C0-C728-442E-92B3-C6D04CF1FB46}.Release|iPhoneSimulator.Build.0 = Release|iPhoneSimulator
	EndGlobalSection
	GlobalSection(SolutionProperties) = preSolution
		HideSolutionNode = FALSE
	EndGlobalSection
EndGlobal
